# This file is autogenerated, do not edit; changes may be undone by the next 'dep ensure'.


[[projects]]
  branch = "master"
  digest = "1:e574dab86697e4e3a8e2e815e0e932cfbf3618e74d6379d8732b33757e11b23d"
  name = "github.com/allegro/bigcache"
  packages = [
    ".",
    "queue",
  ]
  pruneopts = "UT"
  revision = "e24eb225f15679bbe54f91bfa7da3b00e59b9768"

[[projects]]
  digest = "1:7d191fd0c54ff370eaf6116a14dafe2a328df487baea280699f597aae858d00d"
  name = "github.com/aristanetworks/goarista"
  packages = ["monotime"]
  pruneopts = "UT"
  revision = "602babfda73b0e88f5d5a2463d2d5addfbc8d666"

[[projects]]
  digest = "1:2c00f064ba355903866cbfbf3f7f4c0fe64af6638cc7d1b8bdcf3181bc67f1d8"
  name = "github.com/btcsuite/btcd"
  packages = ["btcec"]
  pruneopts = "UT"
  revision = "cff30e1d23fc9e800b2b5b4b41ef1817dda07e9f"

[[projects]]
  branch = "master"
  digest = "1:ffe9824d294da03b391f44e1ae8281281b4afc1bdaa9588c9097785e3af10cec"
  name = "github.com/davecgh/go-spew"
  packages = ["spew"]
  pruneopts = "UT"
  revision = "d8f796af33cc11cb798c1aaeb27a4ebc5099927d"

[[projects]]
  branch = "master"
  digest = "1:7d04e000abbf2192851cf54ea7fa1b52a196d8288750164ae2a8c55852eb33ed"
  name = "github.com/deckarep/golang-set"
  packages = ["."]
  pruneopts = "UT"
  revision = "699df6a3acf6867538e50931511e9dc403da108a"

[[projects]]
  digest = "1:c4a2528ccbcabf90f9f3c464a5fc9e302d592861bbfd0b7135a7de8a943d0406"
  name = "github.com/go-stack/stack"
  packages = ["."]
  pruneopts = "UT"
  revision = "259ab82a6cad3992b4e21ff5cac294ccb06474bc"
  version = "v1.7.0"

[[projects]]
  digest = "1:932085fa52391fe06197b8958d77e2de717b24a66a6c373c9186cd3cbd5ee5ba"
  name = "github.com/golang/protobuf"
  packages = ["proto"]
  pruneopts = "UT"
  revision = "b27b920f9e71b439b873b17bf99f56467623814a"

[[projects]]
  digest = "1:e4f5819333ac698d294fe04dbf640f84719658d5c7ce195b10060cc37292ce79"
  name = "github.com/golang/snappy"
  packages = ["."]
  pruneopts = "UT"
  revision = "2a8bb927dd31d8daada140a5d09578521ce5c36a"
  version = "v0.0.1"

[[projects]]
  digest = "1:236d7e1bdb50d8f68559af37dbcf9d142d56b431c9b2176d41e2a009b664cda8"
  name = "github.com/google/uuid"
  packages = ["."]
  pruneopts = "UT"
  revision = "9b3b1e0f5f99ae461456d768e7d301a7acdaa2d8"
  version = "v1.1.0"

[[projects]]
  digest = "1:8ec8d88c248041a6df5f6574b87bc00e7e0b493881dad2e7ef47b11dc69093b5"
  name = "github.com/hashicorp/golang-lru"
  packages = [
    ".",
    "simplelru",
  ]
  pruneopts = "UT"
  revision = "20f1fb78b0740ba8c3cb143a61e86ba5c8669768"
  version = "v0.5.0"

[[projects]]
  digest = "1:870d441fe217b8e689d7949fef6e43efbc787e50f200cb1e70dbca9204a1d6be"
  name = "github.com/inconshreveable/mousetrap"
  packages = ["."]
  pruneopts = "UT"
  revision = "76626ae9c91c4f2a10f34cad8ce83ea42c93bb75"
  version = "v1.0"

[[projects]]
  digest = "1:ca955a9cd5b50b0f43d2cc3aeb35c951473eeca41b34eb67507f1dbcc0542394"
  name = "github.com/kr/pretty"
  packages = ["."]
  pruneopts = "UT"
  revision = "73f6ac0b30a98e433b289500d779f50c1a6f0712"
  version = "v0.1.0"

[[projects]]
  digest = "1:15b5cc79aad436d47019f814fde81a10221c740dc8ddf769221a65097fb6c2e9"
  name = "github.com/kr/text"
  packages = ["."]
  pruneopts = "UT"
  revision = "e2ffdb16a802fe2bb95e2e35ff34f0e53aeef34f"
  version = "v0.1.0"

[[projects]]
  digest = "1:0c6b643ffbdc3809b02a78f71f8df3b1f91545cb3daad73686b2c535cf1552f7"
  name = "github.com/pborman/uuid"
  packages = ["."]
  pruneopts = "UT"
  revision = "8b1b92947f46224e3b97bb1a3a5b0382be00d31e"
  version = "v1.2.0"

[[projects]]
  branch = "master"
  digest = "1:0028cb19b2e4c3112225cd871870f2d9cf49b9b4276531f03438a88e94be86fe"
  name = "github.com/pmezard/go-difflib"
  packages = ["difflib"]
  pruneopts = "UT"
  revision = "5d4384ee4fb2527b0a1256a821ebfc92f91efefc"

[[projects]]
  branch = "master"
  digest = "1:4293d7afbe7f9a4255b7f3fce291652eae1e08b105c88222505adc5075e0cb55"
  name = "github.com/rjeczalik/notify"
  packages = ["."]
  pruneopts = "UT"
  revision = "629144ba06a1c6af28c1e42c228e3d42594ce081"

[[projects]]
  digest = "1:4b9bd28bbf14271f4b89a6c401589ea5939d14138e0399c253c1939cc4252d2f"
  name = "github.com/rs/cors"
  packages = ["."]
  pruneopts = "UT"
  revision = "a62a804a8a009876ca59105f7899938a1349f4b3"
  version = "v1.0"

[[projects]]
  digest = "1:9665a593c0199c193341b8b110e31b19c899923711fc70bde2c2f3eb2d337526"
  name = "github.com/rs/xhandler"
  packages = ["."]
  pruneopts = "UT"
  revision = "d9d9599b6aaf6a058cb7b1f48291ded2cbd13390"
  version = "v1.0"

[[projects]]
  digest = "1:14701e2f3e9f352e3750241102904e97c68fcbe06b2e16ad5e29fe54b39d666a"
  name = "github.com/spf13/cobra"
  packages = ["."]
  pruneopts = "UT"
  revision = "6fd8e29b07d8242ebe2888060fede5766e240c25"

[[projects]]
  digest = "1:c5b5745c31aef6138428387ee32f7e09186332c7a72ba5d6ed109101324de5db"
  name = "github.com/spf13/pflag"
  packages = ["."]
  pruneopts = "UT"
  revision = "d929dcbb10863323c436af3cf76cb16a6dfc9b29"

[[projects]]
  digest = "1:db1eb3ddc46067e4cda85237f4026899a8919a88fadde3c19be25e689e5e7fe2"
  name = "github.com/stretchr/testify"
  packages = [
    "assert",
    "require",
  ]
  pruneopts = "UT"
  revision = "69483b4bd14f5845b5a1e55bca19e954e827f1d0"
  version = "v1.1.4"

[[projects]]
  digest = "1:59483b8e8183f10ab21a85ba1f4cbb4a2335d48891801f79ed7b9499f44d383c"
  name = "github.com/syndtr/goleveldb"
  packages = [
    "leveldb",
    "leveldb/cache",
    "leveldb/comparer",
    "leveldb/errors",
    "leveldb/filter",
    "leveldb/iterator",
    "leveldb/journal",
    "leveldb/memdb",
    "leveldb/opt",
    "leveldb/storage",
    "leveldb/table",
    "leveldb/util",
  ]
  pruneopts = "UT"
  revision = "6b91fda63f2e36186f1c9d0e48578defb69c5d43"

[[projects]]
  digest = "1:bf00c33b0474409ed72a4a0a69128ed10fae6c86feaf659c06dc545be94d811e"
  name = "golang.org/x/crypto"
  packages = [
    "pbkdf2",
    "ripemd160",
    "scrypt",
    "sha3",
  ]
  pruneopts = "UT"
  revision = "614d502a4dac94afa3a6ce146bd1736da82514c6"

[[projects]]
  branch = "master"
  digest = "1:290b8002a96a5f5c1bd8316884f6e2414f5fb1e46a22bbd5a1ff0d45dc944cb3"
  name = "golang.org/x/net"
  packages = [
    "context",
    "websocket",
  ]
  pruneopts = "UT"
  revision = "eb5bcb51f2a31c7d5141d810b70815c05d9c9146"

[[projects]]
  digest = "1:86171d21d59449dcf7cee0b7d2da83dff989dab9b9b69bfe0a3d59c3c1ca6081"
  name = "golang.org/x/sys"
  packages = [
    "cpu",
    "unix",
  ]
  pruneopts = "UT"
  revision = "11551d06cbcc94edc80a0facaccbda56473c19c1"

[[projects]]
  branch = "master"
  digest = "1:71850ac10bbeb4d8dd06ce0743fe57654daf28510b0f6cbd9692aaf0d269360e"
  name = "golang.org/x/tools"
  packages = [
    "go/ast/astutil",
    "go/gcexportdata",
    "go/internal/gcimporter",
    "go/internal/packagesdriver",
    "go/packages",
    "go/types/typeutil",
    "imports",
    "internal/fastwalk",
    "internal/gopathwalk",
    "internal/module",
    "internal/semver",
  ]
  pruneopts = "UT"
  revision = "e5b8258f49188ec2c4702802a35d1ea0c7ccee77"

[[projects]]
  branch = "v1"
  digest = "1:af715ae33cc1f5695c4b2a4e4b21d008add8802a99e15bb467ac7c32edb5000d"
  name = "gopkg.in/check.v1"
  packages = ["."]
  pruneopts = "UT"
  revision = "788fd78401277ebd861206a03c884797c6ec5541"

[[projects]]
  digest = "1:5f1d44e13c151d777a80b0d8ca850347530773e73ccce5995a520cdc6947c205"
  name = "gopkg.in/fatih/set.v0"
  packages = ["."]
  pruneopts = "UT"
  revision = "2c768e3c5489976167bfc42b5c7c92ca783f4389"
  version = "v0.2.1"

[[projects]]
  branch = "v2"
  digest = "1:0a2f4b974a413866afa1b41130d756643841fb9ad661b81c9a6dd9f1364ed19f"
  name = "gopkg.in/karalabe/cookiejar.v2"
  packages = ["collections/prque"]
  pruneopts = "UT"
  revision = "8dcd6a7f4951f6ff3ee9cbb919a06d8925822e57"

[[projects]]
  branch = "v2"
  digest = "1:3d3f9391ab615be8655ae0d686a1564f3fec413979bb1aaf018bac1ec1bb1cc7"
  name = "gopkg.in/natefinch/npipe.v2"
  packages = ["."]
  pruneopts = "UT"
  revision = "c1b8fa8bdccecb0b8db834ee0b92fdbcfa606dd6"

[[projects]]
  digest = "1:b24d38b282bacf9791408a080f606370efa3d364e4b5fd9ba0f7b87786d3b679"
  name = "gopkg.in/urfave/cli.v1"
  packages = ["."]
  pruneopts = "UT"
  revision = "cfb38830724cc34fedffe9a2a29fb54fa9169cd1"
  version = "v1.20.0"

[solve-meta]
  analyzer-name = "dep"
  analyzer-version = 1
  input-imports = [
    "github.com/aristanetworks/goarista/monotime",
    "github.com/btcsuite/btcd/btcec",
    "github.com/davecgh/go-spew/spew",
    "github.com/deckarep/golang-set",
    "github.com/go-stack/stack",
    "github.com/golang/protobuf/proto",
    "github.com/hashicorp/golang-lru",
    "github.com/pborman/uuid",
    "github.com/rjeczalik/notify",
    "github.com/spf13/cobra",
    "github.com/stretchr/testify/assert",
    "github.com/stretchr/testify/require",
    "github.com/syndtr/goleveldb/leveldb",
    "github.com/syndtr/goleveldb/leveldb/errors",
    "github.com/syndtr/goleveldb/leveldb/filter",
    "github.com/syndtr/goleveldb/leveldb/iterator",
    "github.com/syndtr/goleveldb/leveldb/opt",
    "github.com/syndtr/goleveldb/leveldb/storage",
    "github.com/syndtr/goleveldb/leveldb/util",
    "golang.org/x/crypto/pbkdf2",
    "golang.org/x/crypto/ripemd160",
    "golang.org/x/crypto/scrypt",
    "golang.org/x/crypto/sha3",
    "golang.org/x/sys/unix",
    "golang.org/x/tools/imports",
    "gopkg.in/check.v1",
    "gopkg.in/fatih/set.v0",
    "gopkg.in/karalabe/cookiejar.v2/collections/prque",
    "gopkg.in/urfave/cli.v1",
  ]
  solver-name = "gps-cdcl"
  solver-version = 1
